
Microsoft Visual Studio Solution File, Format Version 12.00
# Visual Studio Version 17
VisualStudioVersion = 17.5.33312.197
MinimumVisualStudioVersion = 10.0.40219.1
Project("{9A19103F-16F7-4668-BE54-9A1E7A4F7556}") = "RestfulHelpers", "RestfulHelpers\RestfulHelpers.csproj", "{BB2B2BD7-B62E-4EB6-B003-9CD668560DAE}"
EndProject
Project("{2150E333-8FDC-42A3-9474-1A3956D46DE8}") = "Solution Items", "Solution Items", "{16385A7A-F79B-4CA9-9A4A-871321098160}"
	ProjectSection(SolutionItems) = preProject
		.github\workflows\ci-cd.yml = .github\workflows\ci-cd.yml
		.github\dependabot.yml = .github\dependabot.yml
	EndProjectSection
EndProject
Project("{9A19103F-16F7-4668-BE54-9A1E7A4F7556}") = "RestfulHelpers.UnitTest", "RestfulHelpers.UnitTest\RestfulHelpers.UnitTest.csproj", "{F39E40F3-C04F-4521-93E4-1CCC8355C505}"
EndProject
Global
	GlobalSection(SolutionConfigurationPlatforms) = preSolution
		Debug|Any CPU = Debug|Any CPU
		Release|Any CPU = Release|Any CPU
	EndGlobalSection
	GlobalSection(ProjectConfigurationPlatforms) = postSolution
		{BB2B2BD7-B62E-4EB6-B003-9CD668560DAE}.Debug|Any CPU.ActiveCfg = Debug|Any CPU
		{BB2B2BD7-B62E-4EB6-B003-9CD668560DAE}.Debug|Any CPU.Build.0 = Debug|Any CPU
		{BB2B2BD7-B62E-4EB6-B003-9CD668560DAE}.Release|Any CPU.ActiveCfg = Release|Any CPU
		{BB2B2BD7-B62E-4EB6-B003-9CD668560DAE}.Release|Any CPU.Build.0 = Release|Any CPU
		{F39E40F3-C04F-4521-93E4-1CCC8355C505}.Debug|Any CPU.ActiveCfg = Debug|Any CPU
		{F39E40F3-C04F-4521-93E4-1CCC8355C505}.Debug|Any CPU.Build.0 = Debug|Any CPU
		{F39E40F3-C04F-4521-93E4-1CCC8355C505}.Release|Any CPU.ActiveCfg = Release|Any CPU
		{F39E40F3-C04F-4521-93E4-1CCC8355C505}.Release|Any CPU.Build.0 = Release|Any CPU
	EndGlobalSection
	GlobalSection(SolutionProperties) = preSolution
		HideSolutionNode = FALSE
	EndGlobalSection
	GlobalSection(ExtensibilityGlobals) = postSolution
		SolutionGuid = {53639CB5-A00D-4A1A-B06A-5F01479436DB}
	EndGlobalSection
EndGlobal
